
Microsoft Visual Studio Solution File, Format Version 12.00
# Visual Studio Version 17
VisualStudioVersion = 17.14.37027.9 d17.14
MinimumVisualStudioVersion = 10.0.40219.1
Project("{FAE04EC0-301F-11D3-BF4B-00C04F79EFBC}") = "HideUnconnectedTracks", "HideUnconnectedTracks.csproj", "{FE62820F-C74C-EF01-A247-FD5660782243}"
EndProject
Global
	GlobalSection(SolutionConfigurationPlatforms) = preSolution
		Debug|Any CPU = Debug|Any CPU
		Release|Any CPU = Release|Any CPU
	EndGlobalSection
	GlobalSection(ProjectConfigurationPlatforms) = postSolution
		{FE62820F-C74C-EF01-A247-FD5660782243}.Debug|Any CPU.ActiveCfg = Debug|Any CPU
		{FE62820F-C74C-EF01-A247-FD5660782243}.Debug|Any CPU.Build.0 = Debug|Any CPU
		{FE62820F-C74C-EF01-A247-FD5660782243}.Release|Any CPU.ActiveCfg = Release|Any CPU
		{FE62820F-C74C-EF01-A247-FD5660782243}.Release|Any CPU.Build.0 = Release|Any CPU
	EndGlobalSection
	GlobalSection(SolutionProperties) = preSolution
		HideSolutionNode = FALSE
	EndGlobalSection
	GlobalSection(ExtensibilityGlobals) = postSolution
		SolutionGuid = {861D2706-009F-4B02-BED8-EE2B817C6928}
	EndGlobalSection
EndGlobal
